{
  "version": "4",
  "specifiers": {
    "jsr:@std/assert@1": "1.0.6",
    "jsr:@std/internal@^1.0.4": "1.0.4",
    "npm:@types/express@5.0.0": "5.0.0",
    "npm:@types/mssql@9.1.5": "9.1.5",
    "npm:@types/node@*": "22.5.4",
    "npm:@types/nodemailer@6.4.16": "6.4.16",
    "npm:@types/showdown@2.0.6": "2.0.6",
    "npm:express@5.0.0": "5.0.0",
    "npm:mssql@^11.0.1": "11.0.1",
    "npm:nodemailer@^6.9.16": "6.9.16",
    "npm:showdown@^2.1.0": "2.1.0",
    "npm:socket.io@^4.8.1": "4.8.1"
  },
  "jsr": {
    "@std/assert@1.0.6": {
      "integrity": "1904c05806a25d94fe791d6d883b685c9e2dcd60e4f9fc30f4fc5cf010c72207",
      "dependencies": [
        "jsr:@std/internal"
      ]
    },
    "@std/internal@1.0.4": {
      "integrity": "62e8e4911527e5e4f307741a795c0b0a9e6958d0b3790716ae71ce085f755422"
    }
  },
  "npm": {
    "@azure/abort-controller@2.1.2": {
      "integrity": "sha512-nBrLsEWm4J2u5LpAPjxADTlq3trDgVZZXHNKabeXZtpq3d3AbN/KGO82R87rdDz5/lYB024rtEf10/q0urNgsA==",
      "dependencies": [
        "tslib"
      ]
    },
    "@azure/core-auth@1.9.0": {
      "integrity": "sha512-FPwHpZywuyasDSLMqJ6fhbOK3TqUdviZNF8OqRGA4W5Ewib2lEEZ+pBsYcBa88B2NGO/SEnYPGhyBqNlE8ilSw==",
      "dependencies": [
        "@azure/abort-controller",
        "@azure/core-util",
        "tslib"
      ]
    },
    "@azure/core-client@1.9.2": {
      "integrity": "sha512-kRdry/rav3fUKHl/aDLd/pDLcB+4pOFwPPTVEExuMyaI5r+JBbMWqRbCY1pn5BniDaU3lRxO9eaQ1AmSMehl/w==",
      "dependencies": [
        "@azure/abort-controller",
        "@azure/core-auth",
        "@azure/core-rest-pipeline",
        "@azure/core-tracing",
        "@azure/core-util",
        "@azure/logger",
        "tslib"
      ]
    },
    "@azure/core-http-compat@2.1.2": {
      "integrity": "sha512-5MnV1yqzZwgNLLjlizsU3QqOeQChkIXw781Fwh1xdAqJR5AA32IUaq6xv1BICJvfbHoa+JYcaij2HFkhLbNTJQ==",
      "dependencies": [
        "@azure/abort-controller",
        "@azure/core-client",
        "@azure/core-rest-pipeline"
      ]
    },
    "@azure/core-lro@2.7.2": {
      "integrity": "sha512-0YIpccoX8m/k00O7mDDMdJpbr6mf1yWo2dfmxt5A8XVZVVMz2SSKaEbMCeJRvgQ0IaSlqhjT47p4hVIRRy90xw==",
      "dependencies": [
        "@azure/abort-controller",
        "@azure/core-util",
        "@azure/logger",
        "tslib"
      ]
    },
    "@azure/core-paging@1.6.2": {
      "integrity": "sha512-YKWi9YuCU04B55h25cnOYZHxXYtEvQEbKST5vqRga7hWY9ydd3FZHdeQF8pyh+acWZvppw13M/LMGx0LABUVMA==",
      "dependencies": [
        "tslib"
      ]
    },
    "@azure/core-rest-pipeline@1.17.0": {
      "integrity": "sha512-62Vv8nC+uPId3j86XJ0WI+sBf0jlqTqPUFCBNrGtlaUeQUIXWV/D8GE5A1d+Qx8H7OQojn2WguC8kChD6v0shA==",
      "dependencies": [
        "@azure/abort-controller",
        "@azure/core-auth",
        "@azure/core-tracing",
        "@azure/core-util",
        "@azure/logger",
        "http-proxy-agent",
        "https-proxy-agent",
        "tslib"
      ]
    },
    "@azure/core-tracing@1.2.0": {
      "integrity": "sha512-UKTiEJPkWcESPYJz3X5uKRYyOcJD+4nYph+KpfdPRnQJVrZfk0KJgdnaAWKfhsBBtAf/D58Az4AvCJEmWgIBAg==",
      "dependencies": [
        "tslib"
      ]
    },
    "@azure/core-util@1.11.0": {
      "integrity": "sha512-DxOSLua+NdpWoSqULhjDyAZTXFdP/LKkqtYuxxz1SCN289zk3OG8UOpnCQAz/tygyACBtWp/BoO72ptK7msY8g==",
      "dependencies": [
        "@azure/abort-controller",
        "tslib"
      ]
    },
    "@azure/identity@4.5.0": {
      "integrity": "sha512-EknvVmtBuSIic47xkOqyNabAme0RYTw52BTMz8eBgU1ysTyMrD1uOoM+JdS0J/4Yfp98IBT3osqq3BfwSaNaGQ==",
      "dependencies": [
        "@azure/abort-controller",
        "@azure/core-auth",
        "@azure/core-client",
        "@azure/core-rest-pipeline",
        "@azure/core-tracing",
        "@azure/core-util",
        "@azure/logger",
        "@azure/msal-browser",
        "@azure/msal-node",
        "events",
        "jws@4.0.0",
        "open",
        "stoppable",
        "tslib"
      ]
    },
    "@azure/keyvault-common@2.0.0": {
      "integrity": "sha512-wRLVaroQtOqfg60cxkzUkGKrKMsCP6uYXAOomOIysSMyt1/YM0eUn9LqieAWM8DLcU4+07Fio2YGpPeqUbpP9w==",
      "dependencies": [
        "@azure/abort-controller",
        "@azure/core-auth",
        "@azure/core-client",
        "@azure/core-rest-pipeline",
        "@azure/core-tracing",
        "@azure/core-util",
        "@azure/logger",
        "tslib"
      ]
    },
    "@azure/keyvault-keys@4.9.0": {
      "integrity": "sha512-ZBP07+K4Pj3kS4TF4XdkqFcspWwBHry3vJSOFM5k5ZABvf7JfiMonvaFk2nBF6xjlEbMpz5PE1g45iTMme0raQ==",
      "dependencies": [
        "@azure/abort-controller",
        "@azure/core-auth",
        "@azure/core-client",
        "@azure/core-http-compat",
        "@azure/core-lro",
        "@azure/core-paging",
        "@azure/core-rest-pipeline",
        "@azure/core-tracing",
        "@azure/core-util",
        "@azure/keyvault-common",
        "@azure/logger",
        "tslib"
      ]
    },
    "@azure/logger@1.1.4": {
      "integrity": "sha512-4IXXzcCdLdlXuCG+8UKEwLA1T1NHqUfanhXYHiQTn+6sfWCZXduqbtXDGceg3Ce5QxTGo7EqmbV6Bi+aqKuClQ==",
      "dependencies": [
        "tslib"
      ]
    },
    "@azure/msal-browser@3.26.1": {
      "integrity": "sha512-y78sr9g61aCAH9fcLO1um+oHFXc1/5Ap88RIsUSuzkm0BHzFnN+PXGaQeuM1h5Qf5dTnWNOd6JqkskkMPAhh7Q==",
      "dependencies": [
        "@azure/msal-common"
      ]
    },
    "@azure/msal-common@14.15.0": {
      "integrity": "sha512-ImAQHxmpMneJ/4S8BRFhjt1MZ3bppmpRPYYNyzeQPeFN288YKbb8TmmISQEbtfkQ1BPASvYZU5doIZOPBAqENQ=="
    },
    "@azure/msal-node@2.15.0": {
      "integrity": "sha512-gVPW8YLz92ZeCibQH2QUw96odJoiM3k/ZPH3f2HxptozmH6+OnyyvKXo/Egg39HAM230akarQKHf0W74UHlh0Q==",
      "dependencies": [
        "@azure/msal-common",
        "jsonwebtoken",
        "uuid"
      ]
    },
    "@js-joda/core@5.6.3": {
      "integrity": "sha512-T1rRxzdqkEXcou0ZprN1q9yDRlvzCPLqmlNt5IIsGBzoEVgLCCYrKEwc84+TvsXuAc95VAZwtWD2zVsKPY4bcA=="
    },
    "@socket.io/component-emitter@3.1.2": {
      "integrity": "sha512-9BCxFwvbGg/RsZK9tjXd8s4UcwR0MWeFQ1XEKIQVVvAGJyINdrqKMcTRyLoK8Rse1GjzLV9cwjWV1olXRWEXVA=="
    },
    "@tediousjs/connection-string@0.5.0": {
      "integrity": "sha512-7qSgZbincDDDFyRweCIEvZULFAw5iz/DeunhvuxpL31nfntX3P4Yd4HkHBRg9H8CdqY1e5WFN1PZIz/REL9MVQ=="
    },
    "@types/body-parser@1.19.5": {
      "integrity": "sha512-fB3Zu92ucau0iQ0JMCFQE7b/dv8Ot07NI3KaZIkIUNXq82k4eBAqUaneXfleGY9JWskeS9y+u0nXMyspcuQrCg==",
      "dependencies": [
        "@types/connect",
        "@types/node@22.5.4"
      ]
    },
    "@types/connect@3.4.38": {
      "integrity": "sha512-K6uROf1LD88uDQqJCktA4yzL1YYAK6NgfsI0v/mTgyPKWsX1CnJ0XPSDhViejru1GcRkLWb8RlzFYJRqGUbaug==",
      "dependencies": [
        "@types/node@22.5.4"
      ]
    },
    "@types/cookie@0.4.1": {
      "integrity": "sha512-XW/Aa8APYr6jSVVA1y/DEIZX0/GMKLEVekNG727R8cs56ahETkRAy/3DR7+fJyh7oUgGwNQaRfXCun0+KbWY7Q=="
    },
    "@types/cors@2.8.17": {
      "integrity": "sha512-8CGDvrBj1zgo2qE+oS3pOCyYNqCPryMWY2bGfwA0dcfopWGgxs+78df0Rs3rc9THP4JkOhLsAa+15VdpAqkcUA==",
      "dependencies": [
        "@types/node@22.5.4"
      ]
    },
    "@types/express-serve-static-core@5.0.0": {
      "integrity": "sha512-AbXMTZGt40T+KON9/Fdxx0B2WK5hsgxcfXJLr5bFpZ7b4JCex2WyQPTEKdXqfHiY5nKKBScZ7yCoO6Pvgxfvnw==",
      "dependencies": [
        "@types/node@22.5.4",
        "@types/qs",
        "@types/range-parser",
        "@types/send"
      ]
    },
    "@types/express@5.0.0": {
      "integrity": "sha512-DvZriSMehGHL1ZNLzi6MidnsDhUZM/x2pRdDIKdwbUNqqwHxMlRdkxtn6/EPKyqKpHqTl/4nRZsRNLpZxZRpPQ==",
      "dependencies": [
        "@types/body-parser",
        "@types/express-serve-static-core",
        "@types/qs",
        "@types/serve-static"
      ]
    },
    "@types/http-errors@2.0.4": {
      "integrity": "sha512-D0CFMMtydbJAegzOyHjtiKPLlvnm3iTZyZRSZoLq2mRhDdmLfIWOCYPfQJ4cu2erKghU++QvjcUjp/5h7hESpA=="
    },
    "@types/mime@1.3.5": {
      "integrity": "sha512-/pyBZWSLD2n0dcHE3hq8s8ZvcETHtEuF+3E7XVt0Ig2nvsVQXdghHVcEkIWjy9A0wKfTn97a/PSDYohKIlnP/w=="
    },
    "@types/mssql@9.1.5": {
      "integrity": "sha512-Q9EsgXwuRoX5wvUSu24YfbKMbFChv7pZ/jeCzPkj47ehcuXYsBcfogwrtVFosSjinD4Q/MY2YPGk9Yy1cM2Ywg==",
      "dependencies": [
        "@types/node@22.5.4",
        "@types/tedious",
        "tarn"
      ]
    },
    "@types/node@22.5.4": {
      "integrity": "sha512-FDuKUJQm/ju9fT/SeX/6+gBzoPzlVCzfzmGkwKvRHQVxi4BntVbyIwf6a4Xn62mrvndLiml6z/UBXIdEVjQLXg==",
      "dependencies": [
        "undici-types"
      ]
    },
    "@types/node@22.7.7": {
      "integrity": "sha512-SRxCrrg9CL/y54aiMCG3edPKdprgMVGDXjA3gB8UmmBW5TcXzRUYAh8EWzTnSJFAd1rgImPELza+A3bJ+qxz8Q==",
      "dependencies": [
        "undici-types"
      ]
    },
    "@types/nodemailer@6.4.16": {
      "integrity": "sha512-uz6hN6Pp0upXMcilM61CoKyjT7sskBoOWpptkjjJp8jIMlTdc3xG01U7proKkXzruMS4hS0zqtHNkNPFB20rKQ==",
      "dependencies": [
        "@types/node@22.5.4"
      ]
    },
    "@types/qs@6.9.16": {
      "integrity": "sha512-7i+zxXdPD0T4cKDuxCUXJ4wHcsJLwENa6Z3dCu8cfCK743OGy5Nu1RmAGqDPsoTDINVEcdXKRvR/zre+P2Ku1A=="
    },
    "@types/range-parser@1.2.7": {
      "integrity": "sha512-hKormJbkJqzQGhziax5PItDUTMAM9uE2XXQmM37dyd4hVM+5aVl7oVxMVUiVQn2oCQFN/LKCZdvSM0pFRqbSmQ=="
    },
    "@types/readable-stream@4.0.18": {
      "integrity": "sha512-21jK/1j+Wg+7jVw1xnSwy/2Q1VgVjWuFssbYGTREPUBeZ+rqVFl2udq0IkxzPC0ZhOzVceUbyIACFZKLqKEBlA==",
      "dependencies": [
        "@types/node@22.5.4",
        "safe-buffer@5.1.2"
      ]
    },
    "@types/send@0.17.4": {
      "integrity": "sha512-x2EM6TJOybec7c52BX0ZspPodMsQUd5L6PRwOunVyVUhXiBSKf3AezDL8Dgvgt5o0UfKNfuA0eMLr2wLT4AiBA==",
      "dependencies": [
        "@types/mime",
        "@types/node@22.5.4"
      ]
    },
    "@types/serve-static@1.15.7": {
      "integrity": "sha512-W8Ym+h8nhuRwaKPaDw34QUkwsGi6Rc4yYqvKFo5rm2FUEhCFbzVWrxXUxuKK8TASjWsysJY0nsmNCGhCOIsrOw==",
      "dependencies": [
        "@types/http-errors",
        "@types/node@22.5.4",
        "@types/send"
      ]
    },
    "@types/showdown@2.0.6": {
      "integrity": "sha512-pTvD/0CIeqe4x23+YJWlX2gArHa8G0J0Oh6GKaVXV7TAeickpkkZiNOgFcFcmLQ5lB/K0qBJL1FtRYltBfbGCQ=="
    },
    "@types/tedious@4.0.14": {
      "integrity": "sha512-KHPsfX/FoVbUGbyYvk1q9MMQHLPeRZhRJZdO45Q4YjvFkv4hMNghCWTvy7rdKessBsmtz4euWCWAB6/tVpI1Iw==",
      "dependencies": [
        "@types/node@22.5.4"
      ]
    },
    "abort-controller@3.0.0": {
      "integrity": "sha512-h8lQ8tacZYnR3vNQTgibj+tODHI5/+l06Au2Pcriv/Gmet0eaj4TwWH41sO9wnHDiQsEj19q0drzdWdeAHtweg==",
      "dependencies": [
        "event-target-shim"
      ]
    },
    "accepts@1.3.8": {
      "integrity": "sha512-PYAthTa2m2VKxuvSD3DPC/Gy+U+sOA1LAuT8mkmRuvw+NACSaeXEQ+NHcVF7rONl6qcaxV3Uuemwawk+7+SJLw==",
      "dependencies": [
        "mime-types@2.1.35",
        "negotiator@0.6.3"
      ]
    },
    "accepts@2.0.0": {
      "integrity": "sha512-5cvg6CtKwfgdmVqY1WIiXKc3Q1bkRqGLi+2W/6ao+6Y7gu/RCwRuAhGEzh5B4KlszSuTLgZYuqFqo5bImjNKng==",
      "dependencies": [
        "mime-types@3.0.0",
        "negotiator@1.0.0"
      ]
    },
    "agent-base@7.1.1": {
      "integrity": "sha512-H0TSyFNDMomMNJQBn8wFV5YC/2eJ+VXECwOadZJT554xP6cODZHPX3H9QMQECxvrgiSOP1pHjy1sMWQVYJOUOA==",
      "dependencies": [
        "debug@4.3.6"
      ]
    },
    "array-flatten@3.0.0": {
      "integrity": "sha512-zPMVc3ZYlGLNk4mpK1NzP2wg0ml9t7fUgDsayR5Y5rSzxQilzR9FGu/EH2jQOcKSAeAfWeylyW8juy3OkWRvNA=="
    },
    "base64-js@1.5.1": {
      "integrity": "sha512-AKpaYlHn8t4SVbOHCy+b5+KKgvR4vrsD8vbvrbiQJps7fKDTkjkDry6ji0rUJjC0kzbNePLwzxq8iypo41qeWA=="
    },
    "base64id@2.0.0": {
      "integrity": "sha512-lGe34o6EHj9y3Kts9R4ZYs/Gr+6N7MCaMlIFA3F1R2O5/m7K06AxfSeO5530PEERE6/WyEg3lsuyw4GHlPZHog=="
    },
    "bl@6.0.16": {
      "integrity": "sha512-V/kz+z2Mx5/6qDfRCilmrukUXcXuCoXKg3/3hDvzKKoSUx8CJKudfIoT29XZc3UE9xBvxs5qictiHdprwtteEg==",
      "dependencies": [
        "@types/readable-stream",
        "buffer",
        "inherits",
        "readable-stream"
      ]
    },
    "body-parser@2.0.1": {
      "integrity": "sha512-PagxbjvuPH6tv0f/kdVbFGcb79D236SLcDTs6DrQ7GizJ88S1UWP4nMXFEo/I4fdhGRGabvFfFjVGm3M7U8JwA==",
      "dependencies": [
        "bytes",
        "content-type",
        "debug@3.1.0",
        "destroy",
        "http-errors",
        "iconv-lite@0.5.2",
        "on-finished",
        "qs",
        "raw-body",
        "type-is@1.6.18",
        "unpipe"
      ]
    },
    "buffer-equal-constant-time@1.0.1": {
      "integrity": "sha512-zRpUiDwd/xk6ADqPMATG8vc9VPrkck7T07OIx0gnjmJAnHnTVXNQG3vfvWNuiZIkwu9KrKdA1iJKfsfTVxE6NA=="
    },
    "buffer@6.0.3": {
      "integrity": "sha512-FTiCpNxtwiZZHEZbcbTIcZjERVICn9yq/pDFkTl95/AxzD1naBctN7YO68riM/gLSDY7sdrMby8hofADYuuqOA==",
      "dependencies": [
        "base64-js",
        "ieee754"
      ]
    },
    "bytes@3.1.2": {
      "integrity": "sha512-/Nf7TyzTx6S3yRJObOAV7956r8cr2+Oj8AC5dt8wSP3BQAoeX58NoHyCU8P8zGkNXStjTSi6fzO6F0pBdcYbEg=="
    },
    "call-bind@1.0.7": {
      "integrity": "sha512-GHTSNSYICQ7scH7sZ+M2rFopRoLh8t2bLSW6BbgrtLsahOIB5iyAVJf9GjWK3cYTDaMj4XdBpM1cA6pIS0Kv2w==",
      "dependencies": [
        "es-define-property",
        "es-errors",
        "function-bind",
        "get-intrinsic",
        "set-function-length"
      ]
    },
    "commander@11.1.0": {
      "integrity": "sha512-yPVavfyCcRhmorC7rWlkHn15b4wDVgVmBA7kV4QVBsF7kv/9TKJAbAXVTxvTnwP8HHKjRCJDClKbciiYS7p0DQ=="
    },
    "commander@9.5.0": {
      "integrity": "sha512-KRs7WVDKg86PWiuAqhDrAQnTXZKraVcCc6vFdL14qrZ/DcWwuRo7VoiYXalXO7S5GKpqYiVEwCbgFDfxNHKJBQ=="
    },
    "content-disposition@1.0.0": {
      "integrity": "sha512-Au9nRL8VNUut/XSzbQA38+M78dzP4D+eqg3gfJHMIHHYa3bg067xj1KxMUWj+VULbiZMowKngFFbKczUrNJ1mg==",
      "dependencies": [
        "safe-buffer@5.2.1"
      ]
    },
    "content-type@1.0.5": {
      "integrity": "sha512-nTjqfcBFEipKdXCv4YDQWCfmcLZKm81ldF0pAopTvyrFGVbcR6P/VAAd5G7N+0tTr8QqiU0tFadD6FK4NtJwOA=="
    },
    "cookie-signature@1.2.1": {
      "integrity": "sha512-78KWk9T26NhzXtuL26cIJ8/qNHANyJ/ZYrmEXFzUmhZdjpBv+DlWlOANRTGBt48YcyslsLrj0bMLFTmXvLRCOw=="
    },
    "cookie@0.6.0": {
      "integrity": "sha512-U71cyTamuh1CRNCfpGY6to28lxvNwPG4Guz/EVjgf3Jmzv0vlDp1atT9eS5dDjMYHucpHbWns6Lwf3BKz6svdw=="
    },
    "cookie@0.7.2": {
      "integrity": "sha512-yki5XnKuf750l50uGTllt6kKILY4nQ1eNIQatoXEByZ5dWgnKqbnqmTrBE5B4N7lrMJKQ2ytWMiTO2o0v6Ew/w=="
    },
    "cors@2.8.5": {
      "integrity": "sha512-KIHbLJqu73RGr/hnbrO9uBeixNGuvSQjul/jdFvS/KFSIH1hWVd1ng7zOHx+YrEfInLG7q4n6GHQ9cDtxv/P6g==",
      "dependencies": [
        "object-assign",
        "vary"
      ]
    },
    "debug@2.6.9": {
      "integrity": "sha512-bC7ElrdJaJnPbAP+1EotYvqZsb3ecl5wi6Bfi6BJTUcNowp6cvspg0jXznRTKDjm/E7AdgFBVeAPVMNcKGsHMA==",
      "dependencies": [
        "ms@2.0.0"
      ]
    },
    "debug@3.1.0": {
      "integrity": "sha512-OX8XqP7/1a9cqkxYw2yXss15f26NKWBpDXQd0/uK/KPqdQhxbPa994hnzjcE2VqQpDslf55723cKPUOGSmMY3g==",
      "dependencies": [
        "ms@2.0.0"
      ]
    },
    "debug@4.3.6": {
      "integrity": "sha512-O/09Bd4Z1fBrU4VzkhFqVgpPzaGbw6Sm9FEkBT1A/YBXQFGuuSxa1dN2nxgxS34JmKXqYx8CZAwEVoJFImUXIg==",
      "dependencies": [
        "ms@2.1.2"
      ]
    },
    "define-data-property@1.1.4": {
      "integrity": "sha512-rBMvIzlpA8v6E+SJZoo++HAYqsLrkg7MSfIinMPFhmkorw7X+dOXVJQs+QT69zGkzMyfDnIMN2Wid1+NbL3T+A==",
      "dependencies": [
        "es-define-property",
        "es-errors",
        "gopd"
      ]
    },
    "define-lazy-prop@2.0.0": {
      "integrity": "sha512-Ds09qNh8yw3khSjiJjiUInaGX9xlqZDY7JVryGxdxV7NPeuqQfplOpQ66yJFZut3jLa5zOwkXw1g9EI2uKh4Og=="
    },
    "depd@2.0.0": {
      "integrity": "sha512-g7nH6P6dyDioJogAAGprGpCtVImJhpPk/roCzdb3fIh61/s/nPsfR6onyMwkCAR/OlC3yBC0lESvUoQEAssIrw=="
    },
    "destroy@1.2.0": {
      "integrity": "sha512-2sJGJTaXIIaR1w4iJSNoN0hnMY7Gpc/n8D4qSCJw8QqFWXf7cuAgnEHxBpweaVcPevC2l3KpjYCx3NypQQgaJg=="
    },
    "ecdsa-sig-formatter@1.0.11": {
      "integrity": "sha512-nagl3RYrbNv6kQkeJIpt6NJZy8twLB/2vtz6yN9Z4vRKHN4/QZJIEbqohALSgwKdnksuY3k5Addp5lg8sVoVcQ==",
      "dependencies": [
        "safe-buffer@5.2.1"
      ]
    },
    "ee-first@1.1.1": {
      "integrity": "sha512-WMwm9LhRUo+WUaRN+vRuETqG89IgZphVSNkdFgeb6sS/E4OrDIN7t48CAewSHXc6C8lefD8KKfr5vY61brQlow=="
    },
    "encodeurl@1.0.2": {
      "integrity": "sha512-TPJXq8JqFaVYm2CWmPvnP2Iyo4ZSM7/QKcSmuMLDObfpH5fi7RUGmd/rTDf+rut/saiDiQEeVTNgAmJEdAOx0w=="
    },
    "encodeurl@2.0.0": {
      "integrity": "sha512-Q0n9HRi4m6JuGIV1eFlmvJB7ZEVxu93IrMyiMsGC0lrMJMWzRgx6WGquyfQgZVb31vhGgXnfmPNNXmxnOkRBrg=="
    },
    "engine.io-parser@5.2.3": {
      "integrity": "sha512-HqD3yTBfnBxIrbnM1DoD6Pcq8NECnh8d4As1Qgh0z5Gg3jRRIqijury0CL3ghu/edArpUYiYqQiDUQBIs4np3Q=="
    },
    "engine.io@6.6.2": {
      "integrity": "sha512-gmNvsYi9C8iErnZdVcJnvCpSKbWTt1E8+JZo8b+daLninywUWi5NQ5STSHZ9rFjFO7imNcvb8Pc5pe/wMR5xEw==",
      "dependencies": [
        "@types/cookie",
        "@types/cors",
        "@types/node@22.7.7",
        "accepts@1.3.8",
        "base64id",
        "cookie@0.7.2",
        "cors",
        "debug@4.3.6",
        "engine.io-parser",
        "ws"
      ]
    },
    "es-define-property@1.0.0": {
      "integrity": "sha512-jxayLKShrEqqzJ0eumQbVhTYQM27CfT1T35+gCgDFoL82JLsXqTJ76zv6A0YLOgEnLUMvLzsDsGIrl8NFpT2gQ==",
      "dependencies": [
        "get-intrinsic"
      ]
    },
    "es-errors@1.3.0": {
      "integrity": "sha512-Zf5H2Kxt2xjTvbJvP2ZWLEICxA6j+hAmMzIlypy4xcBg1vKVnx89Wy0GbS+kf5cwCVFFzdCFh2XSCFNULS6csw=="
    },
    "escape-html@1.0.3": {
      "integrity": "sha512-NiSupZ4OeuGwr68lGIeym/ksIZMJodUGOSCZ/FSnTxcrekbvqrgdUxlJOMpijaKZVjAJrWrGs/6Jy8OMuyj9ow=="
    },
    "etag@1.8.1": {
      "integrity": "sha512-aIL5Fx7mawVa300al2BnEE4iNvo1qETxLrPI/o05L7z6go7fCw1J6EQmbK4FmJ2AS7kgVF/KEZWufBfdClMcPg=="
    },
    "event-target-shim@5.0.1": {
      "integrity": "sha512-i/2XbnSz/uxRCU6+NdVJgKWDTM427+MqYbkQzD321DuCQJUqOuJKIA0IM2+W2xtYHdKOmZ4dR6fExsd4SXL+WQ=="
    },
    "events@3.3.0": {
      "integrity": "sha512-mQw+2fkQbALzQ7V0MY0IqdnXNOeTtP4r0lN9z7AAawCXgqea7bDii20AYrIBrFd/Hx0M2Ocz6S111CaFkUcb0Q=="
    },
    "express@5.0.0": {
      "integrity": "sha512-V4UkHQc+B7ldh1YC84HCXHwf60M4BOMvp9rkvTUWCK5apqDC1Esnbid4wm6nFyVuDy8XMfETsJw5lsIGBWyo0A==",
      "dependencies": [
        "accepts@2.0.0",
        "body-parser",
        "content-disposition",
        "content-type",
        "cookie@0.6.0",
        "cookie-signature",
        "debug@4.3.6",
        "depd",
        "encodeurl@2.0.0",
        "escape-html",
        "etag",
        "finalhandler",
        "fresh@2.0.0",
        "http-errors",
        "merge-descriptors",
        "methods",
        "mime-types@3.0.0",
        "on-finished",
        "once",
        "parseurl",
        "proxy-addr",
        "qs",
        "range-parser",
        "router",
        "safe-buffer@5.2.1",
        "send",
        "serve-static",
        "setprototypeof",
        "statuses",
        "type-is@2.0.0",
        "utils-merge",
        "vary"
      ]
    },
    "finalhandler@2.0.0": {
      "integrity": "sha512-MX6Zo2adDViYh+GcxxB1dpO43eypOGUOL12rLCOTMQv/DfIbpSJUy4oQIIZhVZkH9e+bZWKMon0XHFEju16tkQ==",
      "dependencies": [
        "debug@2.6.9",
        "encodeurl@1.0.2",
        "escape-html",
        "on-finished",
        "parseurl",
        "statuses",
        "unpipe"
      ]
    },
    "forwarded@0.2.0": {
      "integrity": "sha512-buRG0fpBtRHSTCOASe6hD258tEubFoRLb4ZNA6NxMVHNw2gOcwHo9wyablzMzOA5z9xA9L1KNjk/Nt6MT9aYow=="
    },
    "fresh@0.5.2": {
      "integrity": "sha512-zJ2mQYM18rEFOudeV4GShTGIQ7RbzA7ozbU9I/XBpm7kqgMywgmylMwXHxZJmkVoYkna9d2pVXVXPdYTP9ej8Q=="
    },
    "fresh@2.0.0": {
      "integrity": "sha512-Rx/WycZ60HOaqLKAi6cHRKKI7zxWbJ31MhntmtwMoaTeF7XFH9hhBp8vITaMidfljRQ6eYWCKkaTK+ykVJHP2A=="
    },
    "function-bind@1.1.2": {
      "integrity": "sha512-7XHNxH7qX9xG5mIwxkhumTox/MIRNcOgDrxWsMt2pAr23WHp6MrRlN7FBSFpCpr+oVO0F744iUgR82nJMfG2SA=="
    },
    "get-intrinsic@1.2.4": {
      "integrity": "sha512-5uYhsJH8VJBTv7oslg4BznJYhDoRI6waYCxMmCdnTrcCrHA/fCFKoTFz2JKKE0HdDFUF7/oQuhzumXJK7paBRQ==",
      "dependencies": [
        "es-errors",
        "function-bind",
        "has-proto",
        "has-symbols",
        "hasown"
      ]
    },
    "gopd@1.0.1": {
      "integrity": "sha512-d65bNlIadxvpb/A2abVdlqKqV563juRnZ1Wtk6s1sIR8uNsXR70xqIzVqxVf1eTqDunwT2MkczEeaezCKTZhwA==",
      "dependencies": [
        "get-intrinsic"
      ]
    },
    "has-property-descriptors@1.0.2": {
      "integrity": "sha512-55JNKuIW+vq4Ke1BjOTjM2YctQIvCT7GFzHwmfZPGo5wnrgkid0YQtnAleFSqumZm4az3n2BS+erby5ipJdgrg==",
      "dependencies": [
        "es-define-property"
      ]
    },
    "has-proto@1.0.3": {
      "integrity": "sha512-SJ1amZAJUiZS+PhsVLf5tGydlaVB8EdFpaSO4gmiUKUOxk8qzn5AIy4ZeJUmh22znIdk/uMAUT2pl3FxzVUH+Q=="
    },
    "has-symbols@1.0.3": {
      "integrity": "sha512-l3LCuF6MgDNwTDKkdYGEihYjt5pRPbEg46rtlmnSPlUbgmB8LOIrKJbYYFBSbnPaJexMKtiPO8hmeRjRz2Td+A=="
    },
    "hasown@2.0.2": {
      "integrity": "sha512-0hJU9SCPvmMzIBdZFqNPXWa6dqh7WdH0cII9y+CyS8rG3nL48Bclra9HmKhVVUHyPWNH5Y7xDwAB7bfgSjkUMQ==",
      "dependencies": [
        "function-bind"
      ]
    },
    "http-errors@2.0.0": {
      "integrity": "sha512-FtwrG/euBzaEjYeRqOgly7G0qviiXoJWnvEH2Z1plBdXgbyjv34pHTSb9zoeHMyDy33+DWy5Wt9Wo+TURtOYSQ==",
      "dependencies": [
        "depd",
        "inherits",
        "setprototypeof",
        "statuses",
        "toidentifier"
      ]
    },
    "http-proxy-agent@7.0.2": {
      "integrity": "sha512-T1gkAiYYDWYx3V5Bmyu7HcfcvL7mUrTWiM6yOfa3PIphViJ/gFPbvidQ+veqSOHci/PxBcDabeUNCzpOODJZig==",
      "dependencies": [
        "agent-base",
        "debug@4.3.6"
      ]
    },
    "https-proxy-agent@7.0.5": {
      "integrity": "sha512-1e4Wqeblerz+tMKPIq2EMGiiWW1dIjZOksyHWSUm1rmuvw/how9hBHZ38lAGj5ID4Ik6EdkOw7NmWPy6LAwalw==",
      "dependencies": [
        "agent-base",
        "debug@4.3.6"
      ]
    },
    "iconv-lite@0.5.2": {
      "integrity": "sha512-kERHXvpSaB4aU3eANwidg79K8FlrN77m8G9V+0vOR3HYaRifrlwMEpT7ZBJqLSEIHnEgJTHcWK82wwLwwKwtag==",
      "dependencies": [
        "safer-buffer"
      ]
    },
    "iconv-lite@0.6.3": {
      "integrity": "sha512-4fCk79wshMdzMp2rH06qWrJE4iolqLhCUH+OiuIgU++RB0+94NlDL81atO7GX55uUKueo0txHNtvEyI6D7WdMw==",
      "dependencies": [
        "safer-buffer"
      ]
    },
    "ieee754@1.2.1": {
      "integrity": "sha512-dcyqhDvX1C46lXZcVqCpK+FtMRQVdIMN6/Df5js2zouUsqG7I6sFxitIC+7KYK29KdXOLHdu9zL4sFnoVQnqaA=="
    },
    "inherits@2.0.4": {
      "integrity": "sha512-k/vGaX4/Yla3WzyMCvTQOXYeIHvqOKtnqBduzTHpzpQZzAskKMhZ2K+EnBiSM9zGSoIFeMpXKxa4dYeZIQqewQ=="
    },
    "ipaddr.js@1.9.1": {
      "integrity": "sha512-0KI/607xoxSToH7GjN1FfSbLoU0+btTicjsQSWQlh/hZykN8KpmMf7uYwPW3R+akZ6R/w18ZlXSHBYXiYUPO3g=="
    },
    "is-docker@2.2.1": {
      "integrity": "sha512-F+i2BKsFrH66iaUFc0woD8sLy8getkwTwtOBjvs56Cx4CgJDeKQeqfz8wAYiSb8JOprWhHH5p77PbmYCvvUuXQ=="
    },
    "is-promise@4.0.0": {
      "integrity": "sha512-hvpoI6korhJMnej285dSg6nu1+e6uxs7zG3BYAm5byqDsgJNWwxzM6z6iZiAgQR4TJ30JmBTOwqZUw3WlyH3AQ=="
    },
    "is-wsl@2.2.0": {
      "integrity": "sha512-fKzAra0rGJUUBwGBgNkHZuToZcn+TtXHpeCgmkMJMMYx1sQDYaCSyjJBSCa2nH1DGm7s3n1oBnohoVTBaN7Lww==",
      "dependencies": [
        "is-docker"
      ]
    },
    "js-md4@0.3.2": {
      "integrity": "sha512-/GDnfQYsltsjRswQhN9fhv3EMw2sCpUdrdxyWDOUK7eyD++r3gRhzgiQgc/x4MAv2i1iuQ4lxO5mvqM3vj4bwA=="
    },
    "jsonwebtoken@9.0.2": {
      "integrity": "sha512-PRp66vJ865SSqOlgqS8hujT5U4AOgMfhrwYIuIhfKaoSCZcirrmASQr8CX7cUg+RMih+hgznrjp99o+W4pJLHQ==",
      "dependencies": [
        "jws@3.2.2",
        "lodash.includes",
        "lodash.isboolean",
        "lodash.isinteger",
        "lodash.isnumber",
        "lodash.isplainobject",
        "lodash.isstring",
        "lodash.once",
        "ms@2.1.3",
        "semver"
      ]
    },
    "jwa@1.4.1": {
      "integrity": "sha512-qiLX/xhEEFKUAJ6FiBMbes3w9ATzyk5W7Hvzpa/SLYdxNtng+gcurvrI7TbACjIXlsJyr05/S1oUhZrc63evQA==",
      "dependencies": [
        "buffer-equal-constant-time",
        "ecdsa-sig-formatter",
        "safe-buffer@5.2.1"
      ]
    },
    "jwa@2.0.0": {
      "integrity": "sha512-jrZ2Qx916EA+fq9cEAeCROWPTfCwi1IVHqT2tapuqLEVVDKFDENFw1oL+MwrTvH6msKxsd1YTDVw6uKEcsrLEA==",
      "dependencies": [
        "buffer-equal-constant-time",
        "ecdsa-sig-formatter",
        "safe-buffer@5.2.1"
      ]
    },
    "jws@3.2.2": {
      "integrity": "sha512-YHlZCB6lMTllWDtSPHz/ZXTsi8S00usEV6v1tjq8tOUZzw7DpSDWVXjXDre6ed1w/pd495ODpHZYSdkRTsa0HA==",
      "dependencies": [
        "jwa@1.4.1",
        "safe-buffer@5.2.1"
      ]
    },
    "jws@4.0.0": {
      "integrity": "sha512-KDncfTmOZoOMTFG4mBlG0qUIOlc03fmzH+ru6RgYVZhPkyiy/92Owlt/8UEN+a4TXR1FQetfIpJE8ApdvdVxTg==",
      "dependencies": [
        "jwa@2.0.0",
        "safe-buffer@5.2.1"
      ]
    },
    "lodash.includes@4.3.0": {
      "integrity": "sha512-W3Bx6mdkRTGtlJISOvVD/lbqjTlPPUDTMnlXZFnVwi9NKJ6tiAk6LVdlhZMm17VZisqhKcgzpO5Wz91PCt5b0w=="
    },
    "lodash.isboolean@3.0.3": {
      "integrity": "sha512-Bz5mupy2SVbPHURB98VAcw+aHh4vRV5IPNhILUCsOzRmsTmSQ17jIuqopAentWoehktxGd9e/hbIXq980/1QJg=="
    },
    "lodash.isinteger@4.0.4": {
      "integrity": "sha512-DBwtEWN2caHQ9/imiNeEA5ys1JoRtRfY3d7V9wkqtbycnAmTvRRmbHKDV4a0EYc678/dia0jrte4tjYwVBaZUA=="
    },
    "lodash.isnumber@3.0.3": {
      "integrity": "sha512-QYqzpfwO3/CWf3XP+Z+tkQsfaLL/EnUlXWVkIk5FUPc4sBdTehEqZONuyRt2P67PXAk+NXmTBcc97zw9t1FQrw=="
    },
    "lodash.isplainobject@4.0.6": {
      "integrity": "sha512-oSXzaWypCMHkPC3NvBEaPHf0KsA5mvPrOPgQWDsbg8n7orZ290M0BmC/jgRZ4vcJ6DTAhjrsSYgdsW/F+MFOBA=="
    },
    "lodash.isstring@4.0.1": {
      "integrity": "sha512-0wJxfxH1wgO3GrbuP+dTTk7op+6L41QCXbGINEmD+ny/G/eCqGzxyCsh7159S+mgDDcoarnBw6PC1PS5+wUGgw=="
    },
    "lodash.once@4.1.1": {
      "integrity": "sha512-Sb487aTOCr9drQVL8pIxOzVhafOjZN9UU54hiN8PU3uAiSV7lx1yYNpbNmex2PK6dSJoNTSJUUswT651yww3Mg=="
    },
    "media-typer@0.3.0": {
      "integrity": "sha512-dq+qelQ9akHpcOl/gUVRTxVIOkAJ1wR3QAvb4RsVjS8oVoFjDGTc679wJYmUmknUF5HwMLOgb5O+a3KxfWapPQ=="
    },
    "media-typer@1.1.0": {
      "integrity": "sha512-aisnrDP4GNe06UcKFnV5bfMNPBUw4jsLGaWwWfnH3v02GnBuXX2MCVn5RbrWo0j3pczUilYblq7fQ7Nw2t5XKw=="
    },
    "merge-descriptors@2.0.0": {
      "integrity": "sha512-Snk314V5ayFLhp3fkUREub6WtjBfPdCPY1Ln8/8munuLuiYhsABgBVWsozAG+MWMbVEvcdcpbi9R7ww22l9Q3g=="
    },
    "methods@1.1.2": {
      "integrity": "sha512-iclAHeNqNm68zFtnZ0e+1L2yUIdvzNoauKU4WBA3VvH/vPFieF7qfRlwUZU+DA9P9bPXIS90ulxoUoCH23sV2w=="
    },
    "mime-db@1.52.0": {
      "integrity": "sha512-sPU4uV7dYlvtWJxwwxHD0PuihVNiE7TyAbQ5SWxDCB9mUYvOgroQOwYQQOKPJ8CIbE+1ETVlOoK1UC2nU3gYvg=="
    },
    "mime-db@1.53.0": {
      "integrity": "sha512-oHlN/w+3MQ3rba9rqFr6V/ypF10LSkdwUysQL7GkXoTgIWeV+tcXGA852TBxH+gsh8UWoyhR1hKcoMJTuWflpg=="
    },
    "mime-types@2.1.35": {
      "integrity": "sha512-ZDY+bPm5zTTF+YpCrAU9nK0UgICYPT0QtT1NZWFv4s++TNkcgVaT0g6+4R2uI4MjQjzysHB1zxuWL50hzaeXiw==",
      "dependencies": [
        "mime-db@1.52.0"
      ]
    },
    "mime-types@3.0.0": {
      "integrity": "sha512-XqoSHeCGjVClAmoGFG3lVFqQFRIrTVw2OH3axRqAcfaw+gHWIfnASS92AV+Rl/mk0MupgZTRHQOjxY6YVnzK5w==",
      "dependencies": [
        "mime-db@1.53.0"
      ]
    },
    "ms@2.0.0": {
      "integrity": "sha512-Tpp60P6IUJDTuOq/5Z8cdskzJujfwqfOTkrwIwj7IRISpnkJnT6SyJ4PCPnGMoFjC9ddhal5KVIYtAt97ix05A=="
    },
    "ms@2.1.2": {
      "integrity": "sha512-sGkPx+VjMtmA6MX27oA4FBFELFCZZ4S4XqeGOXCv68tT+jb3vk/RyaKWP0PTKyWtmLSM0b+adUTEvbs1PEaH2w=="
    },
    "ms@2.1.3": {
      "integrity": "sha512-6FlzubTLZG3J2a/NVCAleEhjzq5oxgHyaCU9yYXvcLsvoVaHJq/s5xXI6/XXP6tz7R9xAOtHnSO/tXtF3WRTlA=="
    },
    "mssql@11.0.1": {
      "integrity": "sha512-KlGNsugoT90enKlR8/G36H0kTxPthDhmtNUCwEHvgRza5Cjpjoj+P2X6eMpFUDN7pFrJZsKadL4x990G8RBE1w==",
      "dependencies": [
        "@tediousjs/connection-string",
        "commander@11.1.0",
        "debug@4.3.6",
        "rfdc",
        "tarn",
        "tedious"
      ]
    },
    "native-duplexpair@1.0.0": {
      "integrity": "sha512-E7QQoM+3jvNtlmyfqRZ0/U75VFgCls+fSkbml2MpgWkWyz3ox8Y58gNhfuziuQYGNNQAbFZJQck55LHCnCK6CA=="
    },
    "negotiator@0.6.3": {
      "integrity": "sha512-+EUsqGPLsM+j/zdChZjsnX51g4XrHFOIXwfnCVPGlQk/k5giakcKsuxCObBRu6DSm9opw/O6slWbJdghQM4bBg=="
    },
    "negotiator@1.0.0": {
      "integrity": "sha512-8Ofs/AUQh8MaEcrlq5xOX0CQ9ypTF5dl78mjlMNfOK08fzpgTHQRQPBxcPlEtIw0yRpws+Zo/3r+5WRby7u3Gg=="
    },
    "nodemailer@6.9.16": {
      "integrity": "sha512-psAuZdTIRN08HKVd/E8ObdV6NO7NTBY3KsC30F7M4H1OnmLCUNaS56FpYxyb26zWLSyYF9Ozch9KYHhHegsiOQ=="
    },
    "object-assign@4.1.1": {
      "integrity": "sha512-rJgTQnkUnH1sFw8yT6VSU3zD3sWmu6sZhIseY8VX+GRu3P6F7Fu+JNDoXfklElbLJSnc3FUQHVe4cU5hj+BcUg=="
    },
    "object-inspect@1.13.2": {
      "integrity": "sha512-IRZSRuzJiynemAXPYtPe5BoI/RESNYR7TYm50MC5Mqbd3Jmw5y790sErYw3V6SryFJD64b74qQQs9wn5Bg/k3g=="
    },
    "on-finished@2.4.1": {
      "integrity": "sha512-oVlzkg3ENAhCk2zdv7IJwd/QUD4z2RxRwpkcGY8psCVcCYZNq4wYnVWALHM+brtuJjePWiYF/ClmuDr8Ch5+kg==",
      "dependencies": [
        "ee-first"
      ]
    },
    "once@1.4.0": {
      "integrity": "sha512-lNaJgI+2Q5URQBkccEKHTQOPaXdUxnZZElQTZY0MFUAuaEqe1E+Nyvgdz/aIyNi6Z9MzO5dv1H8n58/GELp3+w==",
      "dependencies": [
        "wrappy"
      ]
    },
    "open@8.4.2": {
      "integrity": "sha512-7x81NCL719oNbsq/3mh+hVrAWmFuEYUqrq/Iw3kUzH8ReypT9QQ0BLoJS7/G9k6N81XjW4qHWtjWwe/9eLy1EQ==",
      "dependencies": [
        "define-lazy-prop",
        "is-docker",
        "is-wsl"
      ]
    },
    "parseurl@1.3.3": {
      "integrity": "sha512-CiyeOxFT/JZyN5m0z9PfXw4SCBJ6Sygz1Dpl0wqjlhDEGGBP1GnsUVEL0p63hoG1fcj3fHynXi9NYO4nWOL+qQ=="
    },
    "path-to-regexp@8.2.0": {
      "integrity": "sha512-TdrF7fW9Rphjq4RjrW0Kp2AW0Ahwu9sRGTkS6bvDi0SCwZlEZYmcfDbEsTz8RVk0EHIS/Vd1bv3JhG+1xZuAyQ=="
    },
    "process@0.11.10": {
      "integrity": "sha512-cdGef/drWFoydD1JsMzuFf8100nZl+GT+yacc2bEced5f9Rjk4z+WtFUTBu9PhOi9j/jfmBPu0mMEY4wIdAF8A=="
    },
    "proxy-addr@2.0.7": {
      "integrity": "sha512-llQsMLSUDUPT44jdrU/O37qlnifitDP+ZwrmmZcoSKyLKvtZxpyV0n2/bD/N4tBAAZ/gJEdZU7KMraoK1+XYAg==",
      "dependencies": [
        "forwarded",
        "ipaddr.js"
      ]
    },
    "qs@6.13.0": {
      "integrity": "sha512-+38qI9SOr8tfZ4QmJNplMUxqjbe7LKvvZgWdExBOmd+egZTtjLB67Gu0HRX3u/XOq7UU2Nx6nsjvS16Z9uwfpg==",
      "dependencies": [
        "side-channel"
      ]
    },
    "range-parser@1.2.1": {
      "integrity": "sha512-Hrgsx+orqoygnmhFbKaHE6c296J+HTAQXoxEF6gNupROmmGJRoyzfG3ccAveqCBrwr/2yxQ5BVd/GTl5agOwSg=="
    },
    "raw-body@3.0.0": {
      "integrity": "sha512-RmkhL8CAyCRPXCE28MMH0z2PNWQBNk2Q09ZdxM9IOOXwxwZbN+qbWaatPkdkWIKL2ZVDImrN/pK5HTRz2PcS4g==",
      "dependencies": [
        "bytes",
        "http-errors",
        "iconv-lite@0.6.3",
        "unpipe"
      ]
    },
    "readable-stream@4.5.2": {
      "integrity": "sha512-yjavECdqeZ3GLXNgRXgeQEdz9fvDDkNKyHnbHRFtOr7/LcfgBcmct7t/ET+HaCTqfh06OzoAxrkN/IfjJBVe+g==",
      "dependencies": [
        "abort-controller",
        "buffer",
        "events",
        "process",
        "string_decoder"
      ]
    },
    "rfdc@1.4.1": {
      "integrity": "sha512-q1b3N5QkRUWUl7iyylaaj3kOpIT0N2i9MqIEQXP73GVsN9cw3fdx8X63cEmWhJGi2PPCF23Ijp7ktmd39rawIA=="
    },
    "router@2.0.0": {
      "integrity": "sha512-dIM5zVoG8xhC6rnSN8uoAgFARwTE7BQs8YwHEvK0VCmfxQXMaOuA1uiR1IPwsW7JyK5iTt7Od/TC9StasS2NPQ==",
      "dependencies": [
        "array-flatten",
        "is-promise",
        "methods",
        "parseurl",
        "path-to-regexp",
        "setprototypeof",
        "utils-merge"
      ]
    },
    "safe-buffer@5.1.2": {
      "integrity": "sha512-Gd2UZBJDkXlY7GbJxfsE8/nvKkUEU1G38c1siN6QP6a9PT9MmHB8GnpscSmMJSoF8LOIrt8ud/wPtojys4G6+g=="
    },
    "safe-buffer@5.2.1": {
      "integrity": "sha512-rp3So07KcdmmKbGvgaNxQSJr7bGVSVk5S9Eq1F+ppbRo70+YeaDxkw5Dd8NPN+GD6bjnYm2VuPuCXmpuYvmCXQ=="
    },
    "safer-buffer@2.1.2": {
      "integrity": "sha512-YZo3K82SD7Riyi0E1EQPojLz7kpepnSQI9IyPbHHg1XXXevb5dJI7tpyN2ADxGcQbHG7vcyRHk0cbwqcQriUtg=="
    },
    "semver@7.6.3": {
      "integrity": "sha512-oVekP1cKtI+CTDvHWYFUcMtsK/00wmAEfyqKfNdARm8u1wNVhSgaX7A8d4UuIlUI5e84iEwOhs7ZPYRmzU9U6A=="
    },
    "send@1.1.0": {
      "integrity": "sha512-v67WcEouB5GxbTWL/4NeToqcZiAWEq90N888fczVArY8A79J0L4FD7vj5hm3eUMua5EpoQ59wa/oovY6TLvRUA==",
      "dependencies": [
        "debug@4.3.6",
        "destroy",
        "encodeurl@2.0.0",
        "escape-html",
        "etag",
        "fresh@0.5.2",
        "http-errors",
        "mime-types@2.1.35",
        "ms@2.1.3",
        "on-finished",
        "range-parser",
        "statuses"
      ]
    },
    "serve-static@2.1.0": {
      "integrity": "sha512-A3We5UfEjG8Z7VkDv6uItWw6HY2bBSBJT1KtVESn6EOoOr2jAxNhxWCLY3jDE2WcuHXByWju74ck3ZgLwL8xmA==",
      "dependencies": [
        "encodeurl@2.0.0",
        "escape-html",
        "parseurl",
        "send"
      ]
    },
    "set-function-length@1.2.2": {
      "integrity": "sha512-pgRc4hJ4/sNjWCSS9AmnS40x3bNMDTknHgL5UaMBTMyJnU90EgWh1Rz+MC9eFu4BuN/UwZjKQuY/1v3rM7HMfg==",
      "dependencies": [
        "define-data-property",
        "es-errors",
        "function-bind",
        "get-intrinsic",
        "gopd",
        "has-property-descriptors"
      ]
    },
    "setprototypeof@1.2.0": {
      "integrity": "sha512-E5LDX7Wrp85Kil5bhZv46j8jOeboKq5JMmYM3gVGdGH8xFpPWXUMsNrlODCrkoxMEeNi/XZIwuRvY4XNwYMJpw=="
    },
    "showdown@2.1.0": {
      "integrity": "sha512-/6NVYu4U819R2pUIk79n67SYgJHWCce0a5xTP979WbNp0FL9MN1I1QK662IDU1b6JzKTvmhgI7T7JYIxBi3kMQ==",
      "dependencies": [
        "commander@9.5.0"
      ]
    },
    "side-channel@1.0.6": {
      "integrity": "sha512-fDW/EZ6Q9RiO8eFG8Hj+7u/oW+XrPTIChwCOM2+th2A6OblDtYYIpve9m+KvI9Z4C9qSEXlaGR6bTEYHReuglA==",
      "dependencies": [
        "call-bind",
        "es-errors",
        "get-intrinsic",
        "object-inspect"
      ]
    },
    "socket.io-adapter@2.5.5": {
      "integrity": "sha512-eLDQas5dzPgOWCk9GuuJC2lBqItuhKI4uxGgo9aIV7MYbk2h9Q6uULEh8WBzThoI7l+qU9Ast9fVUmkqPP9wYg==",
      "dependencies": [
        "debug@4.3.6",
        "ws"
      ]
    },
    "socket.io-parser@4.2.4": {
      "integrity": "sha512-/GbIKmo8ioc+NIWIhwdecY0ge+qVBSMdgxGygevmdHj24bsfgtCmcUUcQ5ZzcylGFHsN3k4HB4Cgkl96KVnuew==",
      "dependencies": [
        "@socket.io/component-emitter",
        "debug@4.3.6"
      ]
    },
    "socket.io@4.8.1": {
      "integrity": "sha512-oZ7iUCxph8WYRHHcjBEc9unw3adt5CmSNlppj/5Q4k2RIrhl8Z5yY2Xr4j9zj0+wzVZ0bxmYoGSzKJnRl6A4yg==",
      "dependencies": [
        "accepts@1.3.8",
        "base64id",
        "cors",
        "debug@4.3.6",
        "engine.io",
        "socket.io-adapter",
        "socket.io-parser"
      ]
    },
    "sprintf-js@1.1.3": {
      "integrity": "sha512-Oo+0REFV59/rz3gfJNKQiBlwfHaSESl1pcGyABQsnnIfWOFt6JNj5gCog2U6MLZ//IGYD+nA8nI+mTShREReaA=="
    },
    "statuses@2.0.1": {
      "integrity": "sha512-RwNA9Z/7PrK06rYLIzFMlaF+l73iwpzsqRIFgbMLbTcLD6cOao82TaWefPXQvB2fOC4AjuYSEndS7N/mTCbkdQ=="
    },
    "stoppable@1.1.0": {
      "integrity": "sha512-KXDYZ9dszj6bzvnEMRYvxgeTHU74QBFL54XKtP3nyMuJ81CFYtABZ3bAzL2EdFUaEwJOBOgENyFj3R7oTzDyyw=="
    },
    "string_decoder@1.3.0": {
      "integrity": "sha512-hkRX8U1WjJFd8LsDJ2yQ/wWWxaopEsABU1XfkM8A+j0+85JAGppt16cr1Whg6KIbb4okU6Mql6BOj+uup/wKeA==",
      "dependencies": [
        "safe-buffer@5.2.1"
      ]
    },
    "tarn@3.0.2": {
      "integrity": "sha512-51LAVKUSZSVfI05vjPESNc5vwqqZpbXCsU+/+wxlOrUjk2SnFTt97v9ZgQrD4YmxYW1Px6w2KjaDitCfkvgxMQ=="
    },
    "tedious@18.6.1": {
      "integrity": "sha512-9AvErXXQTd6l7TDd5EmM+nxbOGyhnmdbp/8c3pw+tjaiSXW9usME90ET/CRG1LN1Y9tPMtz/p83z4Q97B4DDpw==",
      "dependencies": [
        "@azure/core-auth",
        "@azure/identity",
        "@azure/keyvault-keys",
        "@js-joda/core",
        "@types/node@22.7.7",
        "bl",
        "iconv-lite@0.6.3",
        "js-md4",
        "native-duplexpair",
        "sprintf-js"
      ]
    },
    "toidentifier@1.0.1": {
      "integrity": "sha512-o5sSPKEkg/DIQNmH43V0/uerLrpzVedkUh8tGNvaeXpfpuwjKenlSox/2O/BTlZUtEe+JG7s5YhEz608PlAHRA=="
    },
    "tslib@2.8.1": {
      "integrity": "sha512-oJFu94HQb+KVduSUQL7wnpmqnfmLsOA/nAh6b6EH0wCEoK0/mPeXU6c3wKDV83MkOuHPRHtSXKKU99IBazS/2w=="
    },
    "type-is@1.6.18": {
      "integrity": "sha512-TkRKr9sUTxEH8MdfuCSP7VizJyzRNMjj2J2do2Jr3Kym598JVdEksuzPQCnlFPW4ky9Q+iA+ma9BGm06XQBy8g==",
      "dependencies": [
        "media-typer@0.3.0",
        "mime-types@2.1.35"
      ]
    },
    "type-is@2.0.0": {
      "integrity": "sha512-gd0sGezQYCbWSbkZr75mln4YBidWUN60+devscpLF5mtRDUpiaTvKpBNrdaCvel1NdR2k6vclXybU5fBd2i+nw==",
      "dependencies": [
        "content-type",
        "media-typer@1.1.0",
        "mime-types@3.0.0"
      ]
    },
    "undici-types@6.19.8": {
      "integrity": "sha512-ve2KP6f/JnbPBFyobGHuerC9g1FYGn/F8n1LWTwNxCEzd6IfqTwUQcNXgEtmmQ6DlRrC1hrSrBnCZPokRrDHjw=="
    },
    "unpipe@1.0.0": {
      "integrity": "sha512-pjy2bYhSsufwWlKwPc+l3cN7+wuJlK6uz0YdJEOlQDbl6jo/YlPi4mb8agUkVC8BF7V8NuzeyPNqRksA3hztKQ=="
    },
    "utils-merge@1.0.1": {
      "integrity": "sha512-pMZTvIkT1d+TFGvDOqodOclx0QWkkgi6Tdoa8gC8ffGAAqz9pzPTZWAybbsHHoED/ztMtkv/VoYTYyShUn81hA=="
    },
    "uuid@8.3.2": {
      "integrity": "sha512-+NYs2QeMWy+GWFOEm9xnn6HCDp0l7QBD7ml8zLUmJ+93Q5NF0NocErnwkTkXVFNiX3/fpC6afS8Dhb/gz7R7eg=="
    },
    "vary@1.1.2": {
      "integrity": "sha512-BNGbWLfd0eUPabhkXUVm0j8uuvREyTh5ovRa/dyow/BqAbZJyC+5fU+IzQOzmAKzYqYRAISoRhdQr3eIZ/PXqg=="
    },
    "wrappy@1.0.2": {
      "integrity": "sha512-l4Sp/DRseor9wL6EvV2+TuQn63dMkPjZ/sp9XkghTEbV9KlPS1xUsZ3u7/IQO4wxtcFB4bgpQPRcR3QCvezPcQ=="
    },
    "ws@8.17.1": {
      "integrity": "sha512-6XQFvXTkbfUOZOKKILFG1PDK2NDQs4azKQl26T0YS5CxqWLgXajbPZ+h4gZekJyRqFU8pvnbAbbs/3TgRPy+GQ=="
    }
  },
  "workspace": {
    "dependencies": [
      "jsr:@std/assert@1",
      "npm:express@5.0.0",
      "npm:mssql@^11.0.1",
      "npm:nodemailer@^6.9.16",
      "npm:showdown@^2.1.0",
      "npm:socket.io@^4.8.1"
    ]
  }
}
